
Microsoft Visual Studio Solution File, Format Version 12.00
# Visual Studio Version 17
VisualStudioVersion = 17.9.34728.123
MinimumVisualStudioVersion = 10.0.40219.1
Project("{FAE04EC0-301F-11D3-BF4B-00C04F79EFBC}") = "Assignment2.1.3", "Assignment2.1.3.csproj", "{FEDE4DB3-64F6-4D6D-AAC4-64C7A3081251}"
EndProject
Global
	GlobalSection(SolutionConfigurationPlatforms) = preSolution
		Debug|Any CPU = Debug|Any CPU
		Release|Any CPU = Release|Any CPU
	EndGlobalSection
	GlobalSection(ProjectConfigurationPlatforms) = postSolution
		{FEDE4DB3-64F6-4D6D-AAC4-64C7A3081251}.Debug|Any CPU.ActiveCfg = Debug|Any CPU
		{FEDE4DB3-64F6-4D6D-AAC4-64C7A3081251}.Debug|Any CPU.Build.0 = Debug|Any CPU
		{FEDE4DB3-64F6-4D6D-AAC4-64C7A3081251}.Release|Any CPU.ActiveCfg = Release|Any CPU
		{FEDE4DB3-64F6-4D6D-AAC4-64C7A3081251}.Release|Any CPU.Build.0 = Release|Any CPU
	EndGlobalSection
	GlobalSection(SolutionProperties) = preSolution
		HideSolutionNode = FALSE
	EndGlobalSection
	GlobalSection(ExtensibilityGlobals) = postSolution
		SolutionGuid = {7C6E1FB3-F45F-42CF-A1D5-2DCD48A60839}
	EndGlobalSection
EndGlobal
